<?xml version="1.0" encoding="utf-8"?>
<Project ToolsVersion="4.0" xmlns="http://schemas.microsoft.com/developer/msbuild/2003">
  <ItemGroup>
    <Filter Include="NotRed">
      <UniqueIdentifier>{F10BEBC5-DDAD-159C-C668-29F0B2A99CEC}</UniqueIdentifier>
    </Filter>
    <Filter Include="NotRed\Events">
      <UniqueIdentifier>{B5BE1F99-217F-9BCF-EAB9-E44C5639E0AB}</UniqueIdentifier>
    </Filter>
    <Filter Include="NotRed\ImGui">
      <UniqueIdentifier>{DBF162F5-C754-F299-70DA-2A505C1CBE1C}</UniqueIdentifier>
    </Filter>
    <Filter Include="Platform">
      <UniqueIdentifier>{2AC788B4-1694-E3BF-3FAD-D1672BD9184E}</UniqueIdentifier>
    </Filter>
    <Filter Include="Platform\OpenGL">
      <UniqueIdentifier>{1E7D2C1D-8A08-9AE1-9319-1DD6FF23F6E1}</UniqueIdentifier>
    </Filter>
    <Filter Include="Platform\Windows">
      <UniqueIdentifier>{64FBD71A-50F4-F66C-7926-DCF1657ED678}</UniqueIdentifier>
    </Filter>
  </ItemGroup>
  <ItemGroup>
    <ClInclude Include="src\NotRed.h" />
    <ClInclude Include="src\NotRed\Application.h">
      <Filter>NotRed</Filter>
    </ClInclude>
    <ClInclude Include="src\NotRed\Core.h">
      <Filter>NotRed</Filter>
    </ClInclude>
    <ClInclude Include="src\NotRed\EntryPoint.h">
      <Filter>NotRed</Filter>
    </ClInclude>
    <ClInclude Include="src\NotRed\Events\ApplicationEvent.h">
      <Filter>NotRed\Events</Filter>
    </ClInclude>
    <ClInclude Include="src\NotRed\Events\Event.h">
      <Filter>NotRed\Events</Filter>
    </ClInclude>
    <ClInclude Include="src\NotRed\Events\KeyEvent.h">
      <Filter>NotRed\Events</Filter>
    </ClInclude>
    <ClInclude Include="src\NotRed\Events\MouseEvent.h">
      <Filter>NotRed\Events</Filter>
    </ClInclude>
    <ClInclude Include="src\NotRed\ImGui\ImGuiLayer.h">
      <Filter>NotRed\ImGui</Filter>
    </ClInclude>
    <ClInclude Include="src\NotRed\Layer.h">
      <Filter>NotRed</Filter>
    </ClInclude>
    <ClInclude Include="src\NotRed\LayerStack.h">
      <Filter>NotRed</Filter>
    </ClInclude>
    <ClInclude Include="src\NotRed\Log.h">
      <Filter>NotRed</Filter>
    </ClInclude>
    <ClInclude Include="src\NotRed\Window.h">
      <Filter>NotRed</Filter>
    </ClInclude>
    <ClInclude Include="src\Platform\OpenGL\ImguiOpenGLRenderer.h">
      <Filter>Platform\OpenGL</Filter>
    </ClInclude>
    <ClInclude Include="src\Platform\Windows\WindowsWindow.h">
      <Filter>Platform\Windows</Filter>
    </ClInclude>
    <ClInclude Include="src\nrpch.h" />
  </ItemGroup>
  <ItemGroup>
    <ClCompile Include="src\NotRed\Application.cpp">
      <Filter>NotRed</Filter>
    </ClCompile>
    <ClCompile Include="src\NotRed\ImGui\ImGuiLayer.cpp">
      <Filter>NotRed\ImGui</Filter>
    </ClCompile>
    <ClCompile Include="src\NotRed\Layer.cpp">
      <Filter>NotRed</Filter>
    </ClCompile>
    <ClCompile Include="src\NotRed\LayerStack.cpp">
      <Filter>NotRed</Filter>
    </ClCompile>
    <ClCompile Include="src\NotRed\Log.cpp">
      <Filter>NotRed</Filter>
    </ClCompile>
    <ClCompile Include="src\Platform\OpenGL\ImguiOpenGLRenderer.cpp">
      <Filter>Platform\OpenGL</Filter>
    </ClCompile>
    <ClCompile Include="src\Platform\Windows\WindowsWindow.cpp">
      <Filter>Platform\Windows</Filter>
    </ClCompile>
    <ClCompile Include="src\nrpch.cpp" />
  </ItemGroup>
</Project>