<?xml version="1.0" encoding="utf-8"?>
<Project ToolsVersion="4.0" xmlns="http://schemas.microsoft.com/developer/msbuild/2003">
  <ItemGroup>
    <Filter Include="src">
      <UniqueIdentifier>{2DAB880B-99B4-887C-2230-9F7C8E38947C}</UniqueIdentifier>
    </Filter>
    <Filter Include="src\NotRed">
      <UniqueIdentifier>{28E54923-149D-8B70-7DA4-64CC697B2661}</UniqueIdentifier>
    </Filter>
    <Filter Include="src\NotRed\Core">
      <UniqueIdentifier>{80820827-EC0D-76EB-F51E-F9DF6129D2EB}</UniqueIdentifier>
    </Filter>
    <Filter Include="src\NotRed\Core\Events">
      <UniqueIdentifier>{645E8248-5058-AB9A-39C5-41AB255E1107}</UniqueIdentifier>
    </Filter>
    <Filter Include="src\NotRed\Core\Math">
      <UniqueIdentifier>{5977BC38-4506-4602-EE24-5AFDDA9256A8}</UniqueIdentifier>
    </Filter>
    <Filter Include="src\NotRed\Editor">
      <UniqueIdentifier>{5EC5110F-CADB-0FA5-1353-9BC67FA8E02C}</UniqueIdentifier>
    </Filter>
    <Filter Include="src\NotRed\ImGui">
      <UniqueIdentifier>{52988308-3E91-A25A-67C3-87DF531B8266}</UniqueIdentifier>
    </Filter>
    <Filter Include="src\NotRed\Physics">
      <UniqueIdentifier>{9A90804A-8674-41A0-EFD4-3BF3DBD72B22}</UniqueIdentifier>
    </Filter>
    <Filter Include="src\NotRed\Platform">
      <UniqueIdentifier>{7C6E9096-E8CF-6DA4-713D-B456DD9DA463}</UniqueIdentifier>
    </Filter>
    <Filter Include="src\NotRed\Platform\OpenGL">
      <UniqueIdentifier>{30744830-1C84-F400-853D-591F716CE399}</UniqueIdentifier>
    </Filter>
    <Filter Include="src\NotRed\Platform\Windows">
      <UniqueIdentifier>{B6D47291-22E2-A077-ABC8-9C6217D56C2E}</UniqueIdentifier>
    </Filter>
    <Filter Include="src\NotRed\Renderer">
      <UniqueIdentifier>{CE756D71-3AD7-4A7F-C344-91312FA5813E}</UniqueIdentifier>
    </Filter>
    <Filter Include="src\NotRed\Scene">
      <UniqueIdentifier>{45903309-3189-525B-5ABB-37E046133267}</UniqueIdentifier>
    </Filter>
    <Filter Include="src\NotRed\Script">
      <UniqueIdentifier>{6CA6AC2F-D8BC-AAC5-2134-36E78D897B4D}</UniqueIdentifier>
    </Filter>
    <Filter Include="vendor">
      <UniqueIdentifier>{B3738122-9F15-ACF8-88D0-BF4C74113349}</UniqueIdentifier>
    </Filter>
    <Filter Include="vendor\FastNoise">
      <UniqueIdentifier>{EEFAAAA2-DAF3-C9F4-0326-AF79EF7DA900}</UniqueIdentifier>
    </Filter>
    <Filter Include="vendor\yaml-cpp">
      <UniqueIdentifier>{C5B3FC54-313F-6A19-3A50-ED0DA65AC619}</UniqueIdentifier>
    </Filter>
    <Filter Include="vendor\yaml-cpp\include">
      <UniqueIdentifier>{38D04F32-A407-98C9-AD11-FCEC19C8BEC2}</UniqueIdentifier>
    </Filter>
    <Filter Include="vendor\yaml-cpp\include\yaml-cpp">
      <UniqueIdentifier>{EAF52FF2-D646-1B34-FFAA-09F6EB5AAE9D}</UniqueIdentifier>
    </Filter>
    <Filter Include="vendor\yaml-cpp\include\yaml-cpp\contrib">
      <UniqueIdentifier>{EA87E472-D604-D8B5-FF81-D8C9EB5D7449}</UniqueIdentifier>
    </Filter>
    <Filter Include="vendor\yaml-cpp\include\yaml-cpp\node">
      <UniqueIdentifier>{FFEED84C-6BB3-D73C-3419-0807A09C7372}</UniqueIdentifier>
    </Filter>
    <Filter Include="vendor\yaml-cpp\include\yaml-cpp\node\detail">
      <UniqueIdentifier>{E131EE05-CD44-EE5E-762E-CB4B62208BAC}</UniqueIdentifier>
    </Filter>
    <Filter Include="vendor\yaml-cpp\src">
      <UniqueIdentifier>{5CCC2628-C82D-0436-519B-4AE8BDFB3AF5}</UniqueIdentifier>
    </Filter>
    <Filter Include="vendor\yaml-cpp\src\contrib">
      <UniqueIdentifier>{5CB0BB24-C8BD-E90A-51A4-E5F5BDB0B5C1}</UniqueIdentifier>
    </Filter>
  </ItemGroup>
  <ItemGroup>
    <ClInclude Include="src\NotRed.h">
      <Filter>src</Filter>
    </ClInclude>
    <ClInclude Include="src\NotRed\Core\Application.h">
      <Filter>src\NotRed\Core</Filter>
    </ClInclude>
    <ClInclude Include="src\NotRed\Core\Assert.h">
      <Filter>src\NotRed\Core</Filter>
    </ClInclude>
    <ClInclude Include="src\NotRed\Core\Buffer.h">
      <Filter>src\NotRed\Core</Filter>
    </ClInclude>
    <ClInclude Include="src\NotRed\Core\Core.h">
      <Filter>src\NotRed\Core</Filter>
    </ClInclude>
    <ClInclude Include="src\NotRed\Core\Events\ApplicationEvent.h">
      <Filter>src\NotRed\Core\Events</Filter>
    </ClInclude>
    <ClInclude Include="src\NotRed\Core\Events\Event.h">
      <Filter>src\NotRed\Core\Events</Filter>
    </ClInclude>
    <ClInclude Include="src\NotRed\Core\Events\KeyEvent.h">
      <Filter>src\NotRed\Core\Events</Filter>
    </ClInclude>
    <ClInclude Include="src\NotRed\Core\Events\MouseEvent.h">
      <Filter>src\NotRed\Core\Events</Filter>
    </ClInclude>
    <ClInclude Include="src\NotRed\Core\Input.h">
      <Filter>src\NotRed\Core</Filter>
    </ClInclude>
    <ClInclude Include="src\NotRed\Core\KeyCodes.h">
      <Filter>src\NotRed\Core</Filter>
    </ClInclude>
    <ClInclude Include="src\NotRed\Core\Layer.h">
      <Filter>src\NotRed\Core</Filter>
    </ClInclude>
    <ClInclude Include="src\NotRed\Core\LayerStack.h">
      <Filter>src\NotRed\Core</Filter>
    </ClInclude>
    <ClInclude Include="src\NotRed\Core\Log.h">
      <Filter>src\NotRed\Core</Filter>
    </ClInclude>
    <ClInclude Include="src\NotRed\Core\Math\AABB.h">
      <Filter>src\NotRed\Core\Math</Filter>
    </ClInclude>
    <ClInclude Include="src\NotRed\Core\Math\Matrix4x4.h">
      <Filter>src\NotRed\Core\Math</Filter>
    </ClInclude>
    <ClInclude Include="src\NotRed\Core\Math\Noise.h">
      <Filter>src\NotRed\Core\Math</Filter>
    </ClInclude>
    <ClInclude Include="src\NotRed\Core\Math\Ray.h">
      <Filter>src\NotRed\Core\Math</Filter>
    </ClInclude>
    <ClInclude Include="src\NotRed\Core\Platform.h">
      <Filter>src\NotRed\Core</Filter>
    </ClInclude>
    <ClInclude Include="src\NotRed\Core\Ref.h">
      <Filter>src\NotRed\Core</Filter>
    </ClInclude>
    <ClInclude Include="src\NotRed\Core\TimeFrame.h">
      <Filter>src\NotRed\Core</Filter>
    </ClInclude>
    <ClInclude Include="src\NotRed\Core\Timer.h">
      <Filter>src\NotRed\Core</Filter>
    </ClInclude>
    <ClInclude Include="src\NotRed\Core\UUID.h">
      <Filter>src\NotRed\Core</Filter>
    </ClInclude>
    <ClInclude Include="src\NotRed\Core\Window.h">
      <Filter>src\NotRed\Core</Filter>
    </ClInclude>
    <ClInclude Include="src\NotRed\Editor\EditorCamera.h">
      <Filter>src\NotRed\Editor</Filter>
    </ClInclude>
    <ClInclude Include="src\NotRed\Editor\SceneHierarchyPanel.h">
      <Filter>src\NotRed\Editor</Filter>
    </ClInclude>
    <ClInclude Include="src\NotRed\EntryPoint.h">
      <Filter>src\NotRed</Filter>
    </ClInclude>
    <ClInclude Include="src\NotRed\ImGui\ImGuiLayer.h">
      <Filter>src\NotRed\ImGui</Filter>
    </ClInclude>
    <ClInclude Include="src\NotRed\ImGui\ImGuizmo.h">
      <Filter>src\NotRed\ImGui</Filter>
    </ClInclude>
    <ClInclude Include="src\NotRed\Physics\PhysicsManager.h">
      <Filter>src\NotRed\Physics</Filter>
    </ClInclude>
    <ClInclude Include="src\NotRed\Platform\OpenGL\GLFrameBuffer.h">
      <Filter>src\NotRed\Platform\OpenGL</Filter>
    </ClInclude>
    <ClInclude Include="src\NotRed\Platform\OpenGL\GLIndexBuffer.h">
      <Filter>src\NotRed\Platform\OpenGL</Filter>
    </ClInclude>
    <ClInclude Include="src\NotRed\Platform\OpenGL\GLPipeline.h">
      <Filter>src\NotRed\Platform\OpenGL</Filter>
    </ClInclude>
    <ClInclude Include="src\NotRed\Platform\OpenGL\GLRenderPass.h">
      <Filter>src\NotRed\Platform\OpenGL</Filter>
    </ClInclude>
    <ClInclude Include="src\NotRed\Platform\OpenGL\GLShader.h">
      <Filter>src\NotRed\Platform\OpenGL</Filter>
    </ClInclude>
    <ClInclude Include="src\NotRed\Platform\OpenGL\GLShaderUniform.h">
      <Filter>src\NotRed\Platform\OpenGL</Filter>
    </ClInclude>
    <ClInclude Include="src\NotRed\Platform\OpenGL\GLTexture.h">
      <Filter>src\NotRed\Platform\OpenGL</Filter>
    </ClInclude>
    <ClInclude Include="src\NotRed\Platform\OpenGL\GLVertexBuffer.h">
      <Filter>src\NotRed\Platform\OpenGL</Filter>
    </ClInclude>
    <ClInclude Include="src\NotRed\Platform\Windows\WinWindow.h">
      <Filter>src\NotRed\Platform\Windows</Filter>
    </ClInclude>
    <ClInclude Include="src\NotRed\Renderer\Camera.h">
      <Filter>src\NotRed\Renderer</Filter>
    </ClInclude>
    <ClInclude Include="src\NotRed\Renderer\FrameBuffer.h">
      <Filter>src\NotRed\Renderer</Filter>
    </ClInclude>
    <ClInclude Include="src\NotRed\Renderer\IndexBuffer.h">
      <Filter>src\NotRed\Renderer</Filter>
    </ClInclude>
    <ClInclude Include="src\NotRed\Renderer\Material.h">
      <Filter>src\NotRed\Renderer</Filter>
    </ClInclude>
    <ClInclude Include="src\NotRed\Renderer\Mesh.h">
      <Filter>src\NotRed\Renderer</Filter>
    </ClInclude>
    <ClInclude Include="src\NotRed\Renderer\Pipeline.h">
      <Filter>src\NotRed\Renderer</Filter>
    </ClInclude>
    <ClInclude Include="src\NotRed\Renderer\RenderCommandQueue.h">
      <Filter>src\NotRed\Renderer</Filter>
    </ClInclude>
    <ClInclude Include="src\NotRed\Renderer\RenderPass.h">
      <Filter>src\NotRed\Renderer</Filter>
    </ClInclude>
    <ClInclude Include="src\NotRed\Renderer\Renderer.h">
      <Filter>src\NotRed\Renderer</Filter>
    </ClInclude>
    <ClInclude Include="src\NotRed\Renderer\Renderer2D.h">
      <Filter>src\NotRed\Renderer</Filter>
    </ClInclude>
    <ClInclude Include="src\NotRed\Renderer\RendererAPI.h">
      <Filter>src\NotRed\Renderer</Filter>
    </ClInclude>
    <ClInclude Include="src\NotRed\Renderer\SceneRenderer.h">
      <Filter>src\NotRed\Renderer</Filter>
    </ClInclude>
    <ClInclude Include="src\NotRed\Renderer\Shader.h">
      <Filter>src\NotRed\Renderer</Filter>
    </ClInclude>
    <ClInclude Include="src\NotRed\Renderer\ShaderUniform.h">
      <Filter>src\NotRed\Renderer</Filter>
    </ClInclude>
    <ClInclude Include="src\NotRed\Renderer\Texture.h">
      <Filter>src\NotRed\Renderer</Filter>
    </ClInclude>
    <ClInclude Include="src\NotRed\Renderer\VertexBuffer.h">
      <Filter>src\NotRed\Renderer</Filter>
    </ClInclude>
    <ClInclude Include="src\NotRed\Scene\Components.h">
      <Filter>src\NotRed\Scene</Filter>
    </ClInclude>
    <ClInclude Include="src\NotRed\Scene\Entity.h">
      <Filter>src\NotRed\Scene</Filter>
    </ClInclude>
    <ClInclude Include="src\NotRed\Scene\Scene.h">
      <Filter>src\NotRed\Scene</Filter>
    </ClInclude>
    <ClInclude Include="src\NotRed\Scene\SceneCamera.h">
      <Filter>src\NotRed\Scene</Filter>
    </ClInclude>
    <ClInclude Include="src\NotRed\Scene\SceneSerializer.h">
      <Filter>src\NotRed\Scene</Filter>
    </ClInclude>
    <ClInclude Include="src\NotRed\Script\ScriptEngine.h">
      <Filter>src\NotRed\Script</Filter>
    </ClInclude>
    <ClInclude Include="src\NotRed\Script\ScriptEngineRegistry.h">
      <Filter>src\NotRed\Script</Filter>
    </ClInclude>
    <ClInclude Include="src\NotRed\Script\ScriptWrappers.h">
      <Filter>src\NotRed\Script</Filter>
    </ClInclude>
    <ClInclude Include="src\nrpch.h">
      <Filter>src</Filter>
    </ClInclude>
    <ClInclude Include="vendor\yaml-cpp\include\yaml-cpp\anchor.h">
      <Filter>vendor\yaml-cpp\include\yaml-cpp</Filter>
    </ClInclude>
    <ClInclude Include="vendor\yaml-cpp\include\yaml-cpp\binary.h">
      <Filter>vendor\yaml-cpp\include\yaml-cpp</Filter>
    </ClInclude>
    <ClInclude Include="vendor\yaml-cpp\include\yaml-cpp\contrib\anchordict.h">
      <Filter>vendor\yaml-cpp\include\yaml-cpp\contrib</Filter>
    </ClInclude>
    <ClInclude Include="vendor\yaml-cpp\include\yaml-cpp\contrib\graphbuilder.h">
      <Filter>vendor\yaml-cpp\include\yaml-cpp\contrib</Filter>
    </ClInclude>
    <ClInclude Include="vendor\yaml-cpp\include\yaml-cpp\depthguard.h">
      <Filter>vendor\yaml-cpp\include\yaml-cpp</Filter>
    </ClInclude>
    <ClInclude Include="vendor\yaml-cpp\include\yaml-cpp\dll.h">
      <Filter>vendor\yaml-cpp\include\yaml-cpp</Filter>
    </ClInclude>
    <ClInclude Include="vendor\yaml-cpp\include\yaml-cpp\emitfromevents.h">
      <Filter>vendor\yaml-cpp\include\yaml-cpp</Filter>
    </ClInclude>
    <ClInclude Include="vendor\yaml-cpp\include\yaml-cpp\emitter.h">
      <Filter>vendor\yaml-cpp\include\yaml-cpp</Filter>
    </ClInclude>
    <ClInclude Include="vendor\yaml-cpp\include\yaml-cpp\emitterdef.h">
      <Filter>vendor\yaml-cpp\include\yaml-cpp</Filter>
    </ClInclude>
    <ClInclude Include="vendor\yaml-cpp\include\yaml-cpp\emittermanip.h">
      <Filter>vendor\yaml-cpp\include\yaml-cpp</Filter>
    </ClInclude>
    <ClInclude Include="vendor\yaml-cpp\include\yaml-cpp\emitterstyle.h">
      <Filter>vendor\yaml-cpp\include\yaml-cpp</Filter>
    </ClInclude>
    <ClInclude Include="vendor\yaml-cpp\include\yaml-cpp\eventhandler.h">
      <Filter>vendor\yaml-cpp\include\yaml-cpp</Filter>
    </ClInclude>
    <ClInclude Include="vendor\yaml-cpp\include\yaml-cpp\exceptions.h">
      <Filter>vendor\yaml-cpp\include\yaml-cpp</Filter>
    </ClInclude>
    <ClInclude Include="vendor\yaml-cpp\include\yaml-cpp\mark.h">
      <Filter>vendor\yaml-cpp\include\yaml-cpp</Filter>
    </ClInclude>
    <ClInclude Include="vendor\yaml-cpp\include\yaml-cpp\node\convert.h">
      <Filter>vendor\yaml-cpp\include\yaml-cpp\node</Filter>
    </ClInclude>
    <ClInclude Include="vendor\yaml-cpp\include\yaml-cpp\node\detail\impl.h">
      <Filter>vendor\yaml-cpp\include\yaml-cpp\node\detail</Filter>
    </ClInclude>
    <ClInclude Include="vendor\yaml-cpp\include\yaml-cpp\node\detail\iterator.h">
      <Filter>vendor\yaml-cpp\include\yaml-cpp\node\detail</Filter>
    </ClInclude>
    <ClInclude Include="vendor\yaml-cpp\include\yaml-cpp\node\detail\iterator_fwd.h">
      <Filter>vendor\yaml-cpp\include\yaml-cpp\node\detail</Filter>
    </ClInclude>
    <ClInclude Include="vendor\yaml-cpp\include\yaml-cpp\node\detail\memory.h">
      <Filter>vendor\yaml-cpp\include\yaml-cpp\node\detail</Filter>
    </ClInclude>
    <ClInclude Include="vendor\yaml-cpp\include\yaml-cpp\node\detail\node.h">
      <Filter>vendor\yaml-cpp\include\yaml-cpp\node\detail</Filter>
    </ClInclude>
    <ClInclude Include="vendor\yaml-cpp\include\yaml-cpp\node\detail\node_data.h">
      <Filter>vendor\yaml-cpp\include\yaml-cpp\node\detail</Filter>
    </ClInclude>
    <ClInclude Include="vendor\yaml-cpp\include\yaml-cpp\node\detail\node_iterator.h">
      <Filter>vendor\yaml-cpp\include\yaml-cpp\node\detail</Filter>
    </ClInclude>
    <ClInclude Include="vendor\yaml-cpp\include\yaml-cpp\node\detail\node_ref.h">
      <Filter>vendor\yaml-cpp\include\yaml-cpp\node\detail</Filter>
    </ClInclude>
    <ClInclude Include="vendor\yaml-cpp\include\yaml-cpp\node\emit.h">
      <Filter>vendor\yaml-cpp\include\yaml-cpp\node</Filter>
    </ClInclude>
    <ClInclude Include="vendor\yaml-cpp\include\yaml-cpp\node\impl.h">
      <Filter>vendor\yaml-cpp\include\yaml-cpp\node</Filter>
    </ClInclude>
    <ClInclude Include="vendor\yaml-cpp\include\yaml-cpp\node\iterator.h">
      <Filter>vendor\yaml-cpp\include\yaml-cpp\node</Filter>
    </ClInclude>
    <ClInclude Include="vendor\yaml-cpp\include\yaml-cpp\node\node.h">
      <Filter>vendor\yaml-cpp\include\yaml-cpp\node</Filter>
    </ClInclude>
    <ClInclude Include="vendor\yaml-cpp\include\yaml-cpp\node\parse.h">
      <Filter>vendor\yaml-cpp\include\yaml-cpp\node</Filter>
    </ClInclude>
    <ClInclude Include="vendor\yaml-cpp\include\yaml-cpp\node\ptr.h">
      <Filter>vendor\yaml-cpp\include\yaml-cpp\node</Filter>
    </ClInclude>
    <ClInclude Include="vendor\yaml-cpp\include\yaml-cpp\node\type.h">
      <Filter>vendor\yaml-cpp\include\yaml-cpp\node</Filter>
    </ClInclude>
    <ClInclude Include="vendor\yaml-cpp\include\yaml-cpp\noexcept.h">
      <Filter>vendor\yaml-cpp\include\yaml-cpp</Filter>
    </ClInclude>
    <ClInclude Include="vendor\yaml-cpp\include\yaml-cpp\null.h">
      <Filter>vendor\yaml-cpp\include\yaml-cpp</Filter>
    </ClInclude>
    <ClInclude Include="vendor\yaml-cpp\include\yaml-cpp\ostream_wrapper.h">
      <Filter>vendor\yaml-cpp\include\yaml-cpp</Filter>
    </ClInclude>
    <ClInclude Include="vendor\yaml-cpp\include\yaml-cpp\parser.h">
      <Filter>vendor\yaml-cpp\include\yaml-cpp</Filter>
    </ClInclude>
    <ClInclude Include="vendor\yaml-cpp\include\yaml-cpp\stlemitter.h">
      <Filter>vendor\yaml-cpp\include\yaml-cpp</Filter>
    </ClInclude>
    <ClInclude Include="vendor\yaml-cpp\include\yaml-cpp\traits.h">
      <Filter>vendor\yaml-cpp\include\yaml-cpp</Filter>
    </ClInclude>
    <ClInclude Include="vendor\yaml-cpp\include\yaml-cpp\yaml.h">
      <Filter>vendor\yaml-cpp\include\yaml-cpp</Filter>
    </ClInclude>
    <ClInclude Include="vendor\yaml-cpp\src\collectionstack.h">
      <Filter>vendor\yaml-cpp\src</Filter>
    </ClInclude>
    <ClInclude Include="vendor\yaml-cpp\src\contrib\graphbuilderadapter.h">
      <Filter>vendor\yaml-cpp\src\contrib</Filter>
    </ClInclude>
    <ClInclude Include="vendor\yaml-cpp\src\directives.h">
      <Filter>vendor\yaml-cpp\src</Filter>
    </ClInclude>
    <ClInclude Include="vendor\yaml-cpp\src\emitterstate.h">
      <Filter>vendor\yaml-cpp\src</Filter>
    </ClInclude>
    <ClInclude Include="vendor\yaml-cpp\src\emitterutils.h">
      <Filter>vendor\yaml-cpp\src</Filter>
    </ClInclude>
    <ClInclude Include="vendor\yaml-cpp\src\exp.h">
      <Filter>vendor\yaml-cpp\src</Filter>
    </ClInclude>
    <ClInclude Include="vendor\yaml-cpp\src\indentation.h">
      <Filter>vendor\yaml-cpp\src</Filter>
    </ClInclude>
    <ClInclude Include="vendor\yaml-cpp\src\nodebuilder.h">
      <Filter>vendor\yaml-cpp\src</Filter>
    </ClInclude>
    <ClInclude Include="vendor\yaml-cpp\src\nodeevents.h">
      <Filter>vendor\yaml-cpp\src</Filter>
    </ClInclude>
    <ClInclude Include="vendor\yaml-cpp\src\ptr_vector.h">
      <Filter>vendor\yaml-cpp\src</Filter>
    </ClInclude>
    <ClInclude Include="vendor\yaml-cpp\src\regex_yaml.h">
      <Filter>vendor\yaml-cpp\src</Filter>
    </ClInclude>
    <ClInclude Include="vendor\yaml-cpp\src\regeximpl.h">
      <Filter>vendor\yaml-cpp\src</Filter>
    </ClInclude>
    <ClInclude Include="vendor\yaml-cpp\src\scanner.h">
      <Filter>vendor\yaml-cpp\src</Filter>
    </ClInclude>
    <ClInclude Include="vendor\yaml-cpp\src\scanscalar.h">
      <Filter>vendor\yaml-cpp\src</Filter>
    </ClInclude>
    <ClInclude Include="vendor\yaml-cpp\src\scantag.h">
      <Filter>vendor\yaml-cpp\src</Filter>
    </ClInclude>
    <ClInclude Include="vendor\yaml-cpp\src\setting.h">
      <Filter>vendor\yaml-cpp\src</Filter>
    </ClInclude>
    <ClInclude Include="vendor\yaml-cpp\src\singledocparser.h">
      <Filter>vendor\yaml-cpp\src</Filter>
    </ClInclude>
    <ClInclude Include="vendor\yaml-cpp\src\stream.h">
      <Filter>vendor\yaml-cpp\src</Filter>
    </ClInclude>
    <ClInclude Include="vendor\yaml-cpp\src\streamcharsource.h">
      <Filter>vendor\yaml-cpp\src</Filter>
    </ClInclude>
    <ClInclude Include="vendor\yaml-cpp\src\stringsource.h">
      <Filter>vendor\yaml-cpp\src</Filter>
    </ClInclude>
    <ClInclude Include="vendor\yaml-cpp\src\tag.h">
      <Filter>vendor\yaml-cpp\src</Filter>
    </ClInclude>
    <ClInclude Include="vendor\yaml-cpp\src\token.h">
      <Filter>vendor\yaml-cpp\src</Filter>
    </ClInclude>
  </ItemGroup>
  <ItemGroup>
    <ClCompile Include="src\NotRed\Core\Application.cpp">
      <Filter>src\NotRed\Core</Filter>
    </ClCompile>
    <ClCompile Include="src\NotRed\Core\Core.cpp">
      <Filter>src\NotRed\Core</Filter>
    </ClCompile>
    <ClCompile Include="src\NotRed\Core\Layer.cpp">
      <Filter>src\NotRed\Core</Filter>
    </ClCompile>
    <ClCompile Include="src\NotRed\Core\LayerStack.cpp">
      <Filter>src\NotRed\Core</Filter>
    </ClCompile>
    <ClCompile Include="src\NotRed\Core\Log.cpp">
      <Filter>src\NotRed\Core</Filter>
    </ClCompile>
    <ClCompile Include="src\NotRed\Core\Math\Matrix4x4.cpp">
      <Filter>src\NotRed\Core\Math</Filter>
    </ClCompile>
    <ClCompile Include="src\NotRed\Core\Math\Noise.cpp">
      <Filter>src\NotRed\Core\Math</Filter>
    </ClCompile>
    <ClCompile Include="src\NotRed\Core\TimeFrame.cpp">
      <Filter>src\NotRed\Core</Filter>
    </ClCompile>
    <ClCompile Include="src\NotRed\Core\UUID.cpp">
      <Filter>src\NotRed\Core</Filter>
    </ClCompile>
    <ClCompile Include="src\NotRed\Core\Window.cpp">
      <Filter>src\NotRed\Core</Filter>
    </ClCompile>
    <ClCompile Include="src\NotRed\Editor\EditorCamera.cpp">
      <Filter>src\NotRed\Editor</Filter>
    </ClCompile>
    <ClCompile Include="src\NotRed\Editor\SceneHierarchyPanel.cpp">
      <Filter>src\NotRed\Editor</Filter>
    </ClCompile>
    <ClCompile Include="src\NotRed\ImGui\ImGuiBuild.cpp">
      <Filter>src\NotRed\ImGui</Filter>
    </ClCompile>
    <ClCompile Include="src\NotRed\ImGui\ImGuiLayer.cpp">
      <Filter>src\NotRed\ImGui</Filter>
    </ClCompile>
    <ClCompile Include="src\NotRed\ImGui\ImGuizmo.cpp">
      <Filter>src\NotRed\ImGui</Filter>
    </ClCompile>
    <ClCompile Include="src\NotRed\Physics\PhysicsManager.cpp">
      <Filter>src\NotRed\Physics</Filter>
    </ClCompile>
    <ClCompile Include="src\NotRed\Platform\OpenGL\GLFrameBuffer.cpp">
      <Filter>src\NotRed\Platform\OpenGL</Filter>
    </ClCompile>
    <ClCompile Include="src\NotRed\Platform\OpenGL\GLIndexBuffer.cpp">
      <Filter>src\NotRed\Platform\OpenGL</Filter>
    </ClCompile>
    <ClCompile Include="src\NotRed\Platform\OpenGL\GLPipeline.cpp">
      <Filter>src\NotRed\Platform\OpenGL</Filter>
    </ClCompile>
    <ClCompile Include="src\NotRed\Platform\OpenGL\GLRenderPass.cpp">
      <Filter>src\NotRed\Platform\OpenGL</Filter>
    </ClCompile>
    <ClCompile Include="src\NotRed\Platform\OpenGL\GLRendererAPI.cpp">
      <Filter>src\NotRed\Platform\OpenGL</Filter>
    </ClCompile>
    <ClCompile Include="src\NotRed\Platform\OpenGL\GLShader.cpp">
      <Filter>src\NotRed\Platform\OpenGL</Filter>
    </ClCompile>
    <ClCompile Include="src\NotRed\Platform\OpenGL\GLShaderUniform.cpp">
      <Filter>src\NotRed\Platform\OpenGL</Filter>
    </ClCompile>
    <ClCompile Include="src\NotRed\Platform\OpenGL\GLTexture.cpp">
      <Filter>src\NotRed\Platform\OpenGL</Filter>
    </ClCompile>
    <ClCompile Include="src\NotRed\Platform\OpenGL\GLVertexBuffer.cpp">
      <Filter>src\NotRed\Platform\OpenGL</Filter>
    </ClCompile>
    <ClCompile Include="src\NotRed\Platform\Windows\WinInput.cpp">
      <Filter>src\NotRed\Platform\Windows</Filter>
    </ClCompile>
    <ClCompile Include="src\NotRed\Platform\Windows\WinWindow.cpp">
      <Filter>src\NotRed\Platform\Windows</Filter>
    </ClCompile>
    <ClCompile Include="src\NotRed\Renderer\Camera.cpp">
      <Filter>src\NotRed\Renderer</Filter>
    </ClCompile>
    <ClCompile Include="src\NotRed\Renderer\FrameBuffer.cpp">
      <Filter>src\NotRed\Renderer</Filter>
    </ClCompile>
    <ClCompile Include="src\NotRed\Renderer\IndexBuffer.cpp">
      <Filter>src\NotRed\Renderer</Filter>
    </ClCompile>
    <ClCompile Include="src\NotRed\Renderer\Material.cpp">
      <Filter>src\NotRed\Renderer</Filter>
    </ClCompile>
    <ClCompile Include="src\NotRed\Renderer\Mesh.cpp">
      <Filter>src\NotRed\Renderer</Filter>
    </ClCompile>
    <ClCompile Include="src\NotRed\Renderer\Pipeline.cpp">
      <Filter>src\NotRed\Renderer</Filter>
    </ClCompile>
    <ClCompile Include="src\NotRed\Renderer\RenderCommandQueue.cpp">
      <Filter>src\NotRed\Renderer</Filter>
    </ClCompile>
    <ClCompile Include="src\NotRed\Renderer\RenderPass.cpp">
      <Filter>src\NotRed\Renderer</Filter>
    </ClCompile>
    <ClCompile Include="src\NotRed\Renderer\Renderer.cpp">
      <Filter>src\NotRed\Renderer</Filter>
    </ClCompile>
    <ClCompile Include="src\NotRed\Renderer\Renderer2D.cpp">
      <Filter>src\NotRed\Renderer</Filter>
    </ClCompile>
    <ClCompile Include="src\NotRed\Renderer\SceneRenderer.cpp">
      <Filter>src\NotRed\Renderer</Filter>
    </ClCompile>
    <ClCompile Include="src\NotRed\Renderer\Shader.cpp">
      <Filter>src\NotRed\Renderer</Filter>
    </ClCompile>
    <ClCompile Include="src\NotRed\Renderer\Texture.cpp">
      <Filter>src\NotRed\Renderer</Filter>
    </ClCompile>
    <ClCompile Include="src\NotRed\Renderer\VertexBuffer.cpp">
      <Filter>src\NotRed\Renderer</Filter>
    </ClCompile>
    <ClCompile Include="src\NotRed\Scene\Entity.cpp">
      <Filter>src\NotRed\Scene</Filter>
    </ClCompile>
    <ClCompile Include="src\NotRed\Scene\Scene.cpp">
      <Filter>src\NotRed\Scene</Filter>
    </ClCompile>
    <ClCompile Include="src\NotRed\Scene\SceneCamera.cpp">
      <Filter>src\NotRed\Scene</Filter>
    </ClCompile>
    <ClCompile Include="src\NotRed\Scene\SceneSerializer.cpp">
      <Filter>src\NotRed\Scene</Filter>
    </ClCompile>
    <ClCompile Include="src\NotRed\Script\ScriptEngine.cpp">
      <Filter>src\NotRed\Script</Filter>
    </ClCompile>
    <ClCompile Include="src\NotRed\Script\ScriptEngineRegistry.cpp">
      <Filter>src\NotRed\Script</Filter>
    </ClCompile>
    <ClCompile Include="src\NotRed\Script\ScriptWrappers.cpp">
      <Filter>src\NotRed\Script</Filter>
    </ClCompile>
    <ClCompile Include="src\nrpch.cpp">
      <Filter>src</Filter>
    </ClCompile>
    <ClCompile Include="vendor\FastNoise\FastNoise.cpp">
      <Filter>vendor\FastNoise</Filter>
    </ClCompile>
    <ClCompile Include="vendor\yaml-cpp\src\binary.cpp">
      <Filter>vendor\yaml-cpp\src</Filter>
    </ClCompile>
    <ClCompile Include="vendor\yaml-cpp\src\contrib\graphbuilder.cpp">
      <Filter>vendor\yaml-cpp\src\contrib</Filter>
    </ClCompile>
    <ClCompile Include="vendor\yaml-cpp\src\contrib\graphbuilderadapter.cpp">
      <Filter>vendor\yaml-cpp\src\contrib</Filter>
    </ClCompile>
    <ClCompile Include="vendor\yaml-cpp\src\convert.cpp">
      <Filter>vendor\yaml-cpp\src</Filter>
    </ClCompile>
    <ClCompile Include="vendor\yaml-cpp\src\depthguard.cpp">
      <Filter>vendor\yaml-cpp\src</Filter>
    </ClCompile>
    <ClCompile Include="vendor\yaml-cpp\src\directives.cpp">
      <Filter>vendor\yaml-cpp\src</Filter>
    </ClCompile>
    <ClCompile Include="vendor\yaml-cpp\src\emit.cpp">
      <Filter>vendor\yaml-cpp\src</Filter>
    </ClCompile>
    <ClCompile Include="vendor\yaml-cpp\src\emitfromevents.cpp">
      <Filter>vendor\yaml-cpp\src</Filter>
    </ClCompile>
    <ClCompile Include="vendor\yaml-cpp\src\emitter.cpp">
      <Filter>vendor\yaml-cpp\src</Filter>
    </ClCompile>
    <ClCompile Include="vendor\yaml-cpp\src\emitterstate.cpp">
      <Filter>vendor\yaml-cpp\src</Filter>
    </ClCompile>
    <ClCompile Include="vendor\yaml-cpp\src\emitterutils.cpp">
      <Filter>vendor\yaml-cpp\src</Filter>
    </ClCompile>
    <ClCompile Include="vendor\yaml-cpp\src\exceptions.cpp">
      <Filter>vendor\yaml-cpp\src</Filter>
    </ClCompile>
    <ClCompile Include="vendor\yaml-cpp\src\exp.cpp">
      <Filter>vendor\yaml-cpp\src</Filter>
    </ClCompile>
    <ClCompile Include="vendor\yaml-cpp\src\memory.cpp">
      <Filter>vendor\yaml-cpp\src</Filter>
    </ClCompile>
    <ClCompile Include="vendor\yaml-cpp\src\node.cpp">
      <Filter>vendor\yaml-cpp\src</Filter>
    </ClCompile>
    <ClCompile Include="vendor\yaml-cpp\src\node_data.cpp">
      <Filter>vendor\yaml-cpp\src</Filter>
    </ClCompile>
    <ClCompile Include="vendor\yaml-cpp\src\nodebuilder.cpp">
      <Filter>vendor\yaml-cpp\src</Filter>
    </ClCompile>
    <ClCompile Include="vendor\yaml-cpp\src\nodeevents.cpp">
      <Filter>vendor\yaml-cpp\src</Filter>
    </ClCompile>
    <ClCompile Include="vendor\yaml-cpp\src\null.cpp">
      <Filter>vendor\yaml-cpp\src</Filter>
    </ClCompile>
    <ClCompile Include="vendor\yaml-cpp\src\ostream_wrapper.cpp">
      <Filter>vendor\yaml-cpp\src</Filter>
    </ClCompile>
    <ClCompile Include="vendor\yaml-cpp\src\parse.cpp">
      <Filter>vendor\yaml-cpp\src</Filter>
    </ClCompile>
    <ClCompile Include="vendor\yaml-cpp\src\parser.cpp">
      <Filter>vendor\yaml-cpp\src</Filter>
    </ClCompile>
    <ClCompile Include="vendor\yaml-cpp\src\regex_yaml.cpp">
      <Filter>vendor\yaml-cpp\src</Filter>
    </ClCompile>
    <ClCompile Include="vendor\yaml-cpp\src\scanner.cpp">
      <Filter>vendor\yaml-cpp\src</Filter>
    </ClCompile>
    <ClCompile Include="vendor\yaml-cpp\src\scanscalar.cpp">
      <Filter>vendor\yaml-cpp\src</Filter>
    </ClCompile>
    <ClCompile Include="vendor\yaml-cpp\src\scantag.cpp">
      <Filter>vendor\yaml-cpp\src</Filter>
    </ClCompile>
    <ClCompile Include="vendor\yaml-cpp\src\scantoken.cpp">
      <Filter>vendor\yaml-cpp\src</Filter>
    </ClCompile>
    <ClCompile Include="vendor\yaml-cpp\src\simplekey.cpp">
      <Filter>vendor\yaml-cpp\src</Filter>
    </ClCompile>
    <ClCompile Include="vendor\yaml-cpp\src\singledocparser.cpp">
      <Filter>vendor\yaml-cpp\src</Filter>
    </ClCompile>
    <ClCompile Include="vendor\yaml-cpp\src\stream.cpp">
      <Filter>vendor\yaml-cpp\src</Filter>
    </ClCompile>
    <ClCompile Include="vendor\yaml-cpp\src\tag.cpp">
      <Filter>vendor\yaml-cpp\src</Filter>
    </ClCompile>
  </ItemGroup>
</Project>