<?xml version="1.0" encoding="utf-8"?>
<Project ToolsVersion="4.0" xmlns="http://schemas.microsoft.com/developer/msbuild/2003">
  <ItemGroup>
    <Filter Include="NotRed">
      <UniqueIdentifier>{F10BEBC5-DDAD-159C-C668-29F0B2A99CEC}</UniqueIdentifier>
    </Filter>
    <Filter Include="NotRed\Core">
      <UniqueIdentifier>{E94E2E0F-5504-A704-DEF8-A0DB4AAD9D08}</UniqueIdentifier>
    </Filter>
    <Filter Include="NotRed\Core\Events">
      <UniqueIdentifier>{ADFAAA51-99DE-6BA7-023F-66FAEE415629}</UniqueIdentifier>
    </Filter>
    <Filter Include="NotRed\Core\Math">
      <UniqueIdentifier>{626D4FD1-4E66-6E23-7798-53A863F04D2F}</UniqueIdentifier>
    </Filter>
    <Filter Include="NotRed\Editor">
      <UniqueIdentifier>{0750DC97-7310-58CE-3C4B-A14BA8CA9CAA}</UniqueIdentifier>
    </Filter>
    <Filter Include="NotRed\ImGui">
      <UniqueIdentifier>{DBF162F5-C754-F299-70DA-2A505C1CBE1C}</UniqueIdentifier>
    </Filter>
    <Filter Include="NotRed\Platform">
      <UniqueIdentifier>{6547287C-D1D2-9540-DAE3-183546EEF140}</UniqueIdentifier>
    </Filter>
    <Filter Include="NotRed\Platform\OpenGL">
      <UniqueIdentifier>{F90C8899-E506-B1EB-CE73-47FCBA0C1758}</UniqueIdentifier>
    </Filter>
    <Filter Include="NotRed\Platform\Windows">
      <UniqueIdentifier>{9F86A522-0BBE-EDB9-14C8-51DD807E14B3}</UniqueIdentifier>
    </Filter>
    <Filter Include="NotRed\Renderer">
      <UniqueIdentifier>{B74E0557-23DA-721B-2CEB-F50F98F5CE1B}</UniqueIdentifier>
    </Filter>
    <Filter Include="NotRed\Scene">
      <UniqueIdentifier>{CEE912F6-BA4C-A29A-63D2-DA504F146E1D}</UniqueIdentifier>
    </Filter>
  </ItemGroup>
  <ItemGroup>
    <ClInclude Include="src\NotRed.h" />
    <ClInclude Include="src\NotRed\Core\Application.h">
      <Filter>NotRed\Core</Filter>
    </ClInclude>
    <ClInclude Include="src\NotRed\Core\Assert.h">
      <Filter>NotRed\Core</Filter>
    </ClInclude>
    <ClInclude Include="src\NotRed\Core\Buffer.h">
      <Filter>NotRed\Core</Filter>
    </ClInclude>
    <ClInclude Include="src\NotRed\Core\Core.h">
      <Filter>NotRed\Core</Filter>
    </ClInclude>
    <ClInclude Include="src\NotRed\Core\Events\ApplicationEvent.h">
      <Filter>NotRed\Core\Events</Filter>
    </ClInclude>
    <ClInclude Include="src\NotRed\Core\Events\Event.h">
      <Filter>NotRed\Core\Events</Filter>
    </ClInclude>
    <ClInclude Include="src\NotRed\Core\Events\KeyEvent.h">
      <Filter>NotRed\Core\Events</Filter>
    </ClInclude>
    <ClInclude Include="src\NotRed\Core\Events\MouseEvent.h">
      <Filter>NotRed\Core\Events</Filter>
    </ClInclude>
    <ClInclude Include="src\NotRed\Core\Input.h">
      <Filter>NotRed\Core</Filter>
    </ClInclude>
    <ClInclude Include="src\NotRed\Core\KeyCodes.h">
      <Filter>NotRed\Core</Filter>
    </ClInclude>
    <ClInclude Include="src\NotRed\Core\Layer.h">
      <Filter>NotRed\Core</Filter>
    </ClInclude>
    <ClInclude Include="src\NotRed\Core\LayerStack.h">
      <Filter>NotRed\Core</Filter>
    </ClInclude>
    <ClInclude Include="src\NotRed\Core\Log.h">
      <Filter>NotRed\Core</Filter>
    </ClInclude>
    <ClInclude Include="src\NotRed\Core\Math\AABB.h">
      <Filter>NotRed\Core\Math</Filter>
    </ClInclude>
    <ClInclude Include="src\NotRed\Core\Math\Matrix4x4.h">
      <Filter>NotRed\Core\Math</Filter>
    </ClInclude>
    <ClInclude Include="src\NotRed\Core\Math\Ray.h">
      <Filter>NotRed\Core\Math</Filter>
    </ClInclude>
    <ClInclude Include="src\NotRed\Core\Platform.h">
      <Filter>NotRed\Core</Filter>
    </ClInclude>
    <ClInclude Include="src\NotRed\Core\TimeFrame.h">
      <Filter>NotRed\Core</Filter>
    </ClInclude>
    <ClInclude Include="src\NotRed\Core\Window.h">
      <Filter>NotRed\Core</Filter>
    </ClInclude>
    <ClInclude Include="src\NotRed\Editor\SceneHierarchyPanel.h">
      <Filter>NotRed\Editor</Filter>
    </ClInclude>
    <ClInclude Include="src\NotRed\EntryPoint.h">
      <Filter>NotRed</Filter>
    </ClInclude>
    <ClInclude Include="src\NotRed\ImGui\ImGuiLayer.h">
      <Filter>NotRed\ImGui</Filter>
    </ClInclude>
    <ClInclude Include="src\NotRed\ImGui\ImGuizmo.h">
      <Filter>NotRed\ImGui</Filter>
    </ClInclude>
    <ClInclude Include="src\NotRed\Platform\OpenGL\GLFrameBuffer.h">
      <Filter>NotRed\Platform\OpenGL</Filter>
    </ClInclude>
    <ClInclude Include="src\NotRed\Platform\OpenGL\GLIndexBuffer.h">
      <Filter>NotRed\Platform\OpenGL</Filter>
    </ClInclude>
    <ClInclude Include="src\NotRed\Platform\OpenGL\GLRenderPass.h">
      <Filter>NotRed\Platform\OpenGL</Filter>
    </ClInclude>
    <ClInclude Include="src\NotRed\Platform\OpenGL\GLShader.h">
      <Filter>NotRed\Platform\OpenGL</Filter>
    </ClInclude>
    <ClInclude Include="src\NotRed\Platform\OpenGL\GLShaderUniform.h">
      <Filter>NotRed\Platform\OpenGL</Filter>
    </ClInclude>
    <ClInclude Include="src\NotRed\Platform\OpenGL\GLTexture.h">
      <Filter>NotRed\Platform\OpenGL</Filter>
    </ClInclude>
    <ClInclude Include="src\NotRed\Platform\OpenGL\GLVertexArray.h">
      <Filter>NotRed\Platform\OpenGL</Filter>
    </ClInclude>
    <ClInclude Include="src\NotRed\Platform\OpenGL\GLVertexBuffer.h">
      <Filter>NotRed\Platform\OpenGL</Filter>
    </ClInclude>
    <ClInclude Include="src\NotRed\Platform\Windows\WinWindow.h">
      <Filter>NotRed\Platform\Windows</Filter>
    </ClInclude>
    <ClInclude Include="src\NotRed\Renderer\Camera.h">
      <Filter>NotRed\Renderer</Filter>
    </ClInclude>
    <ClInclude Include="src\NotRed\Renderer\FrameBuffer.h">
      <Filter>NotRed\Renderer</Filter>
    </ClInclude>
    <ClInclude Include="src\NotRed\Renderer\IndexBuffer.h">
      <Filter>NotRed\Renderer</Filter>
    </ClInclude>
    <ClInclude Include="src\NotRed\Renderer\Material.h">
      <Filter>NotRed\Renderer</Filter>
    </ClInclude>
    <ClInclude Include="src\NotRed\Renderer\Mesh.h">
      <Filter>NotRed\Renderer</Filter>
    </ClInclude>
    <ClInclude Include="src\NotRed\Renderer\RenderCommandQueue.h">
      <Filter>NotRed\Renderer</Filter>
    </ClInclude>
    <ClInclude Include="src\NotRed\Renderer\RenderPass.h">
      <Filter>NotRed\Renderer</Filter>
    </ClInclude>
    <ClInclude Include="src\NotRed\Renderer\Renderer.h">
      <Filter>NotRed\Renderer</Filter>
    </ClInclude>
    <ClInclude Include="src\NotRed\Renderer\Renderer2D.h">
      <Filter>NotRed\Renderer</Filter>
    </ClInclude>
    <ClInclude Include="src\NotRed\Renderer\RendererAPI.h">
      <Filter>NotRed\Renderer</Filter>
    </ClInclude>
    <ClInclude Include="src\NotRed\Renderer\SceneRenderer.h">
      <Filter>NotRed\Renderer</Filter>
    </ClInclude>
    <ClInclude Include="src\NotRed\Renderer\Shader.h">
      <Filter>NotRed\Renderer</Filter>
    </ClInclude>
    <ClInclude Include="src\NotRed\Renderer\ShaderUniform.h">
      <Filter>NotRed\Renderer</Filter>
    </ClInclude>
    <ClInclude Include="src\NotRed\Renderer\Texture.h">
      <Filter>NotRed\Renderer</Filter>
    </ClInclude>
    <ClInclude Include="src\NotRed\Renderer\VertexArray.h">
      <Filter>NotRed\Renderer</Filter>
    </ClInclude>
    <ClInclude Include="src\NotRed\Renderer\VertexBuffer.h">
      <Filter>NotRed\Renderer</Filter>
    </ClInclude>
    <ClInclude Include="src\NotRed\Scene\Entity.h">
      <Filter>NotRed\Scene</Filter>
    </ClInclude>
    <ClInclude Include="src\NotRed\Scene\Scene.h">
      <Filter>NotRed\Scene</Filter>
    </ClInclude>
    <ClInclude Include="src\nrpch.h" />
    <ClInclude Include="src\NotRed\Core\Math\Noise.h" />
    <ClInclude Include="src\NotRed\Core\Ref.h" />
    <ClInclude Include="src\NotRed\Core\Timer.h" />
    <ClInclude Include="src\NotRed\Scene\Components.h" />
  </ItemGroup>
  <ItemGroup>
    <ClCompile Include="src\NotRed\Core\Application.cpp">
      <Filter>NotRed\Core</Filter>
    </ClCompile>
    <ClCompile Include="src\NotRed\Core\Core.cpp">
      <Filter>NotRed\Core</Filter>
    </ClCompile>
    <ClCompile Include="src\NotRed\Core\Layer.cpp">
      <Filter>NotRed\Core</Filter>
    </ClCompile>
    <ClCompile Include="src\NotRed\Core\LayerStack.cpp">
      <Filter>NotRed\Core</Filter>
    </ClCompile>
    <ClCompile Include="src\NotRed\Core\Log.cpp">
      <Filter>NotRed\Core</Filter>
    </ClCompile>
    <ClCompile Include="src\NotRed\Core\Math\Matrix4x4.cpp">
      <Filter>NotRed\Core\Math</Filter>
    </ClCompile>
    <ClCompile Include="src\NotRed\Core\TimeFrame.cpp">
      <Filter>NotRed\Core</Filter>
    </ClCompile>
    <ClCompile Include="src\NotRed\Core\Window.cpp">
      <Filter>NotRed\Core</Filter>
    </ClCompile>
    <ClCompile Include="src\NotRed\Editor\SceneHierarchyPanel.cpp">
      <Filter>NotRed\Editor</Filter>
    </ClCompile>
    <ClCompile Include="src\NotRed\ImGui\ImGuiBuild.cpp">
      <Filter>NotRed\ImGui</Filter>
    </ClCompile>
    <ClCompile Include="src\NotRed\ImGui\ImGuiLayer.cpp">
      <Filter>NotRed\ImGui</Filter>
    </ClCompile>
    <ClCompile Include="src\NotRed\ImGui\ImGuizmo.cpp">
      <Filter>NotRed\ImGui</Filter>
    </ClCompile>
    <ClCompile Include="src\NotRed\Platform\OpenGL\GLFrameBuffer.cpp">
      <Filter>NotRed\Platform\OpenGL</Filter>
    </ClCompile>
    <ClCompile Include="src\NotRed\Platform\OpenGL\GLIndexBuffer.cpp">
      <Filter>NotRed\Platform\OpenGL</Filter>
    </ClCompile>
    <ClCompile Include="src\NotRed\Platform\OpenGL\GLRenderPass.cpp">
      <Filter>NotRed\Platform\OpenGL</Filter>
    </ClCompile>
    <ClCompile Include="src\NotRed\Platform\OpenGL\GLRendererAPI.cpp">
      <Filter>NotRed\Platform\OpenGL</Filter>
    </ClCompile>
    <ClCompile Include="src\NotRed\Platform\OpenGL\GLShader.cpp">
      <Filter>NotRed\Platform\OpenGL</Filter>
    </ClCompile>
    <ClCompile Include="src\NotRed\Platform\OpenGL\GLShaderUniform.cpp">
      <Filter>NotRed\Platform\OpenGL</Filter>
    </ClCompile>
    <ClCompile Include="src\NotRed\Platform\OpenGL\GLTexture.cpp">
      <Filter>NotRed\Platform\OpenGL</Filter>
    </ClCompile>
    <ClCompile Include="src\NotRed\Platform\OpenGL\GLVertexArray.cpp">
      <Filter>NotRed\Platform\OpenGL</Filter>
    </ClCompile>
    <ClCompile Include="src\NotRed\Platform\OpenGL\GLVertexBuffer.cpp">
      <Filter>NotRed\Platform\OpenGL</Filter>
    </ClCompile>
    <ClCompile Include="src\NotRed\Platform\Windows\WinInput.cpp">
      <Filter>NotRed\Platform\Windows</Filter>
    </ClCompile>
    <ClCompile Include="src\NotRed\Platform\Windows\WinWindow.cpp">
      <Filter>NotRed\Platform\Windows</Filter>
    </ClCompile>
    <ClCompile Include="src\NotRed\Renderer\Camera.cpp">
      <Filter>NotRed\Renderer</Filter>
    </ClCompile>
    <ClCompile Include="src\NotRed\Renderer\FrameBuffer.cpp">
      <Filter>NotRed\Renderer</Filter>
    </ClCompile>
    <ClCompile Include="src\NotRed\Renderer\IndexBuffer.cpp">
      <Filter>NotRed\Renderer</Filter>
    </ClCompile>
    <ClCompile Include="src\NotRed\Renderer\Material.cpp">
      <Filter>NotRed\Renderer</Filter>
    </ClCompile>
    <ClCompile Include="src\NotRed\Renderer\Mesh.cpp">
      <Filter>NotRed\Renderer</Filter>
    </ClCompile>
    <ClCompile Include="src\NotRed\Renderer\RenderCommandQueue.cpp">
      <Filter>NotRed\Renderer</Filter>
    </ClCompile>
    <ClCompile Include="src\NotRed\Renderer\RenderPass.cpp">
      <Filter>NotRed\Renderer</Filter>
    </ClCompile>
    <ClCompile Include="src\NotRed\Renderer\Renderer.cpp">
      <Filter>NotRed\Renderer</Filter>
    </ClCompile>
    <ClCompile Include="src\NotRed\Renderer\Renderer2D.cpp">
      <Filter>NotRed\Renderer</Filter>
    </ClCompile>
    <ClCompile Include="src\NotRed\Renderer\SceneRenderer.cpp">
      <Filter>NotRed\Renderer</Filter>
    </ClCompile>
    <ClCompile Include="src\NotRed\Renderer\Shader.cpp">
      <Filter>NotRed\Renderer</Filter>
    </ClCompile>
    <ClCompile Include="src\NotRed\Renderer\Texture.cpp">
      <Filter>NotRed\Renderer</Filter>
    </ClCompile>
    <ClCompile Include="src\NotRed\Renderer\VertexArray.cpp">
      <Filter>NotRed\Renderer</Filter>
    </ClCompile>
    <ClCompile Include="src\NotRed\Renderer\VertexBuffer.cpp">
      <Filter>NotRed\Renderer</Filter>
    </ClCompile>
    <ClCompile Include="src\NotRed\Scene\Entity.cpp">
      <Filter>NotRed\Scene</Filter>
    </ClCompile>
    <ClCompile Include="src\NotRed\Scene\Scene.cpp">
      <Filter>NotRed\Scene</Filter>
    </ClCompile>
    <ClCompile Include="src\nrpch.cpp" />
    <ClCompile Include="src\NotRed\Core\Math\Noise.cpp" />
  </ItemGroup>
</Project>