<?xml version="1.0" encoding="utf-8"?>
<Project ToolsVersion="4.0" xmlns="http://schemas.microsoft.com/developer/msbuild/2003">
  <ItemGroup>
    <Filter Include="Panels">
      <UniqueIdentifier>{A80D95C9-94AF-BF9F-7D6A-D3F369AB46F0}</UniqueIdentifier>
    </Filter>
  </ItemGroup>
  <ItemGroup>
    <ClCompile Include="src\EditorLayer.cpp" />
    <ClCompile Include="src\NotEditor.cpp" />
  </ItemGroup>
  <ItemGroup>
    <ClInclude Include="src\EditorLayer.h" />
  </ItemGroup>
  <ItemGroup>
    <None Include="Assets\Shaders\Skybox\Skybox.vert" />
    <None Include="Assets\Shaders\Base\Base.frag" />
    <None Include="Assets\Shaders\Base\Base.vert" />
    <None Include="Assets\Shaders\BloomBlend\BloomBlend.frag" />
    <None Include="Assets\Shaders\BloomBlend\BloomBlend.vert" />
    <None Include="Assets\Shaders\BloomBlur\BloomBlur.frag" />
    <None Include="Assets\Shaders\BloomBlur\BloomBlur.vert" />
    <None Include="Assets\Shaders\Collider\Collider.frag" />
    <None Include="Assets\Shaders\Collider\Collider.vert" />
    <None Include="Assets\Shaders\EnvironmentIrradiance\EnvironmentIrradiance.comp" />
    <None Include="Assets\Shaders\EnvironmentMipFilter\EnvironmentMipFilter.comp" />
    <None Include="Assets\Shaders\EquirectangularToCubeMap\EquirectangularToCubeMap.comp" />
    <None Include="Assets\Shaders\Grid\Grid.frag" />
    <None Include="Assets\Shaders\Grid\Grid.vert" />
    <None Include="Assets\Shaders\HDR\HDR.frag" />
    <None Include="Assets\Shaders\HDR\HDR.vert" />
    <None Include="Assets\Shaders\Outline\Outline.frag" />
    <None Include="Assets\Shaders\Outline\Outline.vert" />
    <None Include="Assets\Shaders\OutlineAnim\OutlineAnim.frag" />
    <None Include="Assets\Shaders\OutlineAnim\OutlineAnim.vert" />
    <None Include="Assets\Shaders\PBR_Anim\PBR_Anim.frag" />
    <None Include="Assets\Shaders\PBR_Anim\PBR_Anim.vert" />
    <None Include="Assets\Shaders\PBR_Static\PBR_Static.frag" />
    <None Include="Assets\Shaders\PBR_Static\PBR_Static.vert" />
    <None Include="Assets\Shaders\PreethamSky\PreethamSky.comp" />
    <None Include="Assets\Shaders\Renderer2D\Renderer2D.frag" />
    <None Include="Assets\Shaders\Renderer2D\Renderer2D.vert" />
    <None Include="Assets\Shaders\Renderer2D_Circle\Renderer2D_Circle.frag" />
    <None Include="Assets\Shaders\Renderer2D_Circle\Renderer2D_Circle.vert" />
    <None Include="Assets\Shaders\Renderer2D_Line\Renderer2D_Line.frag" />
    <None Include="Assets\Shaders\Renderer2D_Line\Renderer2D_Line.vert" />
    <None Include="Assets\Shaders\ShadowMap\ShadowMap.frag" />
    <None Include="Assets\Shaders\ShadowMap\ShadowMap.vert" />
    <None Include="Assets\Shaders\ShadowMapAnim\ShadowMapAnim.frag" />
    <None Include="Assets\Shaders\ShadowMapAnim\ShadowMapAnim.vert" />
    <None Include="Assets\Shaders\Skybox\Skybox.frag" />
    <None Include="Assets\Shaders\Particle\Particle.vert" />
    <None Include="Assets\Shaders\Particle\Particle.frag" />
    <None Include="Assets\Shaders\ParticleGen\ParticleGen.comp" />
  </ItemGroup>
</Project>